{
    "version": 3,
    "terraform_version": "0.9.10",
    "serial": 3,
    "lineage": "b316ce7d-f03f-4fe0-809d-8c6e6c5b73c2",
    "modules": [
        {
            "path": [
                "root"
            ],
            "outputs": {},
            "resources": {
                "aws_eip.eip_jh01": {
                    "type": "aws_eip",
                    "depends_on": [
                        "aws_instance.jh01"
                    ],
                    "primary": {
                        "id": "eipalloc-edb951de",
                        "attributes": {
                            "association_id": "eipassoc-b8ebd08a",
                            "domain": "vpc",
                            "id": "eipalloc-edb951de",
                            "instance": "i-0a76f30aa78f22310",
                            "network_interface": "eni-264a57f5",
                            "private_ip": "172.33.1.157",
                            "public_ip": "52.203.245.90",
                            "vpc": "true"
                        },
                        "meta": {},
                        "tainted": false
                    },
                    "deposed": [],
                    "provider": ""
                },
                "aws_eip.eip_jh02": {
                    "type": "aws_eip",
                    "depends_on": [
                        "aws_instance.jh02"
                    ],
                    "primary": {
                        "id": "eipalloc-04ba5237",
                        "attributes": {
                            "association_id": "eipassoc-baebd088",
                            "domain": "vpc",
                            "id": "eipalloc-04ba5237",
                            "instance": "i-0570eb0e4e9c3796a",
                            "network_interface": "eni-0085a1a9",
                            "private_ip": "172.33.2.235",
                            "public_ip": "34.196.173.56",
                            "vpc": "true"
                        },
                        "meta": {},
                        "tainted": false
                    },
                    "deposed": [],
                    "provider": ""
                },
                "aws_eip.nat_eip": {
                    "type": "aws_eip",
                    "depends_on": [],
                    "primary": {
                        "id": "eipalloc-92ba52a1",
                        "attributes": {
                            "association_id": "",
                            "domain": "vpc",
                            "id": "eipalloc-92ba52a1",
                            "instance": "",
                            "network_interface": "",
                            "private_ip": "",
                            "public_ip": "52.7.14.131",
                            "vpc": "true"
                        },
                        "meta": {},
                        "tainted": false
                    },
                    "deposed": [],
                    "provider": ""
                },
                "aws_instance.jh01": {
                    "type": "aws_instance",
                    "depends_on": [
                        "aws_security_group.jumphost",
                        "aws_subnet.subnet-pub-uw2a"
                    ],
                    "primary": {
                        "id": "i-0a76f30aa78f22310",
                        "attributes": {
                            "ami": "ami-f4d1f0e2",
                            "associate_public_ip_address": "true",
                            "availability_zone": "us-east-1a",
                            "disable_api_termination": "false",
                            "ebs_block_device.#": "0",
                            "ebs_optimized": "false",
                            "ephemeral_block_device.#": "0",
                            "iam_instance_profile": "",
                            "id": "i-0a76f30aa78f22310",
                            "instance_state": "running",
                            "instance_type": "t1.micro",
                            "ipv6_addresses.#": "0",
                            "key_name": "devops",
                            "monitoring": "false",
                            "network_interface.#": "0",
                            "network_interface_id": "eni-264a57f5",
                            "primary_network_interface_id": "eni-264a57f5",
                            "private_dns": "ip-172-33-1-157.ec2.internal",
                            "private_ip": "172.33.1.157",
                            "public_dns": "",
                            "public_ip": "52.90.97.34",
                            "root_block_device.#": "1",
                            "root_block_device.0.delete_on_termination": "true",
                            "root_block_device.0.iops": "100",
                            "root_block_device.0.volume_size": "30",
                            "root_block_device.0.volume_type": "gp2",
                            "security_groups.#": "0",
                            "source_dest_check": "true",
                            "subnet_id": "subnet-be7f35f6",
                            "tags.%": "1",
                            "tags.Name": "acc-stack-jh01",
                            "tenancy": "default",
                            "volume_tags.%": "0",
                            "vpc_security_group_ids.#": "1",
                            "vpc_security_group_ids.690038472": "sg-2b34615a"
                        },
                        "meta": {
                            "e2bfb730-ecaa-11e6-8f88-34363bc7c4c0": {
                                "create": 600000000000,
                                "delete": 600000000000,
                                "update": 600000000000
                            },
                            "schema_version": "1"
                        },
                        "tainted": false
                    },
                    "deposed": [],
                    "provider": ""
                },
                "aws_instance.jh02": {
                    "type": "aws_instance",
                    "depends_on": [
                        "aws_security_group.jumphost",
                        "aws_subnet.subnet-pub-uw2b"
                    ],
                    "primary": {
                        "id": "i-0570eb0e4e9c3796a",
                        "attributes": {
                            "ami": "ami-f4d1f0e2",
                            "associate_public_ip_address": "true",
                            "availability_zone": "us-east-1b",
                            "disable_api_termination": "false",
                            "ebs_block_device.#": "0",
                            "ebs_optimized": "false",
                            "ephemeral_block_device.#": "0",
                            "iam_instance_profile": "",
                            "id": "i-0570eb0e4e9c3796a",
                            "instance_state": "running",
                            "instance_type": "t1.micro",
                            "ipv6_addresses.#": "0",
                            "key_name": "devops",
                            "monitoring": "false",
                            "network_interface.#": "0",
                            "network_interface_id": "eni-0085a1a9",
                            "primary_network_interface_id": "eni-0085a1a9",
                            "private_dns": "ip-172-33-2-235.ec2.internal",
                            "private_ip": "172.33.2.235",
                            "public_dns": "",
                            "public_ip": "54.242.134.147",
                            "root_block_device.#": "1",
                            "root_block_device.0.delete_on_termination": "true",
                            "root_block_device.0.iops": "100",
                            "root_block_device.0.volume_size": "30",
                            "root_block_device.0.volume_type": "gp2",
                            "security_groups.#": "0",
                            "source_dest_check": "true",
                            "subnet_id": "subnet-8d048fd7",
                            "tags.%": "1",
                            "tags.Name": "acc-stack-jh02",
                            "tenancy": "default",
                            "volume_tags.%": "0",
                            "vpc_security_group_ids.#": "1",
                            "vpc_security_group_ids.690038472": "sg-2b34615a"
                        },
                        "meta": {
                            "e2bfb730-ecaa-11e6-8f88-34363bc7c4c0": {
                                "create": 600000000000,
                                "delete": 600000000000,
                                "update": 600000000000
                            },
                            "schema_version": "1"
                        },
                        "tainted": false
                    },
                    "deposed": [],
                    "provider": ""
                },
                "aws_internet_gateway.gw": {
                    "type": "aws_internet_gateway",
                    "depends_on": [
                        "aws_vpc.vpc"
                    ],
                    "primary": {
                        "id": "igw-4f1b5329",
                        "attributes": {
                            "id": "igw-4f1b5329",
                            "vpc_id": "vpc-86069dff"
                        },
                        "meta": {},
                        "tainted": false
                    },
                    "deposed": [],
                    "provider": ""
                },
                "aws_nat_gateway.nat_gw": {
                    "type": "aws_nat_gateway",
                    "depends_on": [
                        "aws_eip.nat_eip",
                        "aws_internet_gateway.gw",
                        "aws_subnet.subnet-pub-uw2a"
                    ],
                    "primary": {
                        "id": "nat-0bd76fe6014966870",
                        "attributes": {
                            "allocation_id": "eipalloc-92ba52a1",
                            "id": "nat-0bd76fe6014966870",
                            "network_interface_id": "eni-f4445927",
                            "private_ip": "172.33.1.159",
                            "public_ip": "52.7.14.131",
                            "subnet_id": "subnet-be7f35f6"
                        },
                        "meta": {},
                        "tainted": false
                    },
                    "deposed": [],
                    "provider": ""
                },
                "aws_route_table.rtb-pri": {
                    "type": "aws_route_table",
                    "depends_on": [
                        "aws_nat_gateway.nat_gw",
                        "aws_vpc.vpc"
                    ],
                    "primary": {
                        "id": "rtb-9cecc4e4",
                        "attributes": {
                            "id": "rtb-9cecc4e4",
                            "propagating_vgws.#": "0",
                            "route.#": "1",
                            "route.2544523083.cidr_block": "0.0.0.0/0",
                            "route.2544523083.egress_only_gateway_id": "",
                            "route.2544523083.gateway_id": "",
                            "route.2544523083.instance_id": "",
                            "route.2544523083.ipv6_cidr_block": "",
                            "route.2544523083.nat_gateway_id": "nat-0bd76fe6014966870",
                            "route.2544523083.network_interface_id": "",
                            "route.2544523083.vpc_peering_connection_id": "",
                            "tags.%": "1",
                            "tags.Name": "rtb-acc-stack-pri",
                            "vpc_id": "vpc-86069dff"
                        },
                        "meta": {},
                        "tainted": false
                    },
                    "deposed": [],
                    "provider": ""
                },
                "aws_route_table.rtb-pub": {
                    "type": "aws_route_table",
                    "depends_on": [
                        "aws_internet_gateway.gw",
                        "aws_vpc.vpc"
                    ],
                    "primary": {
                        "id": "rtb-50ecc428",
                        "attributes": {
                            "id": "rtb-50ecc428",
                            "propagating_vgws.#": "0",
                            "route.#": "1",
                            "route.1648148126.cidr_block": "0.0.0.0/0",
                            "route.1648148126.egress_only_gateway_id": "",
                            "route.1648148126.gateway_id": "igw-4f1b5329",
                            "route.1648148126.instance_id": "",
                            "route.1648148126.ipv6_cidr_block": "",
                            "route.1648148126.nat_gateway_id": "",
                            "route.1648148126.network_interface_id": "",
                            "route.1648148126.vpc_peering_connection_id": "",
                            "tags.%": "1",
                            "tags.Name": "rtb-acc-stack-pub",
                            "vpc_id": "vpc-86069dff"
                        },
                        "meta": {},
                        "tainted": false
                    },
                    "deposed": [],
                    "provider": ""
                },
                "aws_route_table_association.uw2a-pri": {
                    "type": "aws_route_table_association",
                    "depends_on": [
                        "aws_route_table.rtb-pri",
                        "aws_subnet.subnet-pri-uw2a"
                    ],
                    "primary": {
                        "id": "rtbassoc-21bda75a",
                        "attributes": {
                            "id": "rtbassoc-21bda75a",
                            "route_table_id": "rtb-9cecc4e4",
                            "subnet_id": "subnet-05642e4d"
                        },
                        "meta": {},
                        "tainted": false
                    },
                    "deposed": [],
                    "provider": ""
                },
                "aws_route_table_association.uw2a-pub": {
                    "type": "aws_route_table_association",
                    "depends_on": [
                        "aws_route_table.rtb-pub",
                        "aws_subnet.subnet-pub-uw2a"
                    ],
                    "primary": {
                        "id": "rtbassoc-08a8b273",
                        "attributes": {
                            "id": "rtbassoc-08a8b273",
                            "route_table_id": "rtb-50ecc428",
                            "subnet_id": "subnet-be7f35f6"
                        },
                        "meta": {},
                        "tainted": false
                    },
                    "deposed": [],
                    "provider": ""
                },
                "aws_route_table_association.uw2b-pri": {
                    "type": "aws_route_table_association",
                    "depends_on": [
                        "aws_route_table.rtb-pri",
                        "aws_subnet.subnet-pri-uw2b"
                    ],
                    "primary": {
                        "id": "rtbassoc-a1b5afda",
                        "attributes": {
                            "id": "rtbassoc-a1b5afda",
                            "route_table_id": "rtb-9cecc4e4",
                            "subnet_id": "subnet-bc1c97e6"
                        },
                        "meta": {},
                        "tainted": false
                    },
                    "deposed": [],
                    "provider": ""
                },
                "aws_route_table_association.uw2b-pub": {
                    "type": "aws_route_table_association",
                    "depends_on": [
                        "aws_route_table.rtb-pub",
                        "aws_subnet.subnet-pub-uw2b"
                    ],
                    "primary": {
                        "id": "rtbassoc-9fb7ade4",
                        "attributes": {
                            "id": "rtbassoc-9fb7ade4",
                            "route_table_id": "rtb-50ecc428",
                            "subnet_id": "subnet-8d048fd7"
                        },
                        "meta": {},
                        "tainted": false
                    },
                    "deposed": [],
                    "provider": ""
                },
                "aws_security_group.jumphost": {
                    "type": "aws_security_group",
                    "depends_on": [
                        "aws_vpc.vpc"
                    ],
                    "primary": {
                        "id": "sg-2b34615a",
                        "attributes": {
                            "description": "Allow incoming RDP connections.",
                            "egress.#": "1",
                            "egress.407070267.cidr_blocks.#": "2",
                            "egress.407070267.cidr_blocks.0": "172.33.10.0/24",
                            "egress.407070267.cidr_blocks.1": "172.33.11.0/24",
                            "egress.407070267.from_port": "3389",
                            "egress.407070267.ipv6_cidr_blocks.#": "0",
                            "egress.407070267.prefix_list_ids.#": "0",
                            "egress.407070267.protocol": "tcp",
                            "egress.407070267.security_groups.#": "0",
                            "egress.407070267.self": "false",
                            "egress.407070267.to_port": "3389",
                            "id": "sg-2b34615a",
                            "ingress.#": "1",
                            "ingress.2223400681.cidr_blocks.#": "1",
                            "ingress.2223400681.cidr_blocks.0": "0.0.0.0/0",
                            "ingress.2223400681.from_port": "3389",
                            "ingress.2223400681.ipv6_cidr_blocks.#": "0",
                            "ingress.2223400681.protocol": "tcp",
                            "ingress.2223400681.security_groups.#": "0",
                            "ingress.2223400681.self": "false",
                            "ingress.2223400681.to_port": "3389",
                            "name": "sg_uw2-acc-stack-jh",
                            "owner_id": "079726228485",
                            "tags.%": "1",
                            "tags.Name": "JumpHost",
                            "vpc_id": "vpc-86069dff"
                        },
                        "meta": {},
                        "tainted": false
                    },
                    "deposed": [],
                    "provider": ""
                },
                "aws_subnet.subnet-pri-uw2a": {
                    "type": "aws_subnet",
                    "depends_on": [
                        "aws_vpc.vpc"
                    ],
                    "primary": {
                        "id": "subnet-05642e4d",
                        "attributes": {
                            "assign_ipv6_address_on_creation": "false",
                            "availability_zone": "us-east-1a",
                            "cidr_block": "172.33.10.0/24",
                            "id": "subnet-05642e4d",
                            "map_public_ip_on_launch": "false",
                            "tags.%": "1",
                            "tags.Name": "subnet-acc-stack-pri-uw2a",
                            "vpc_id": "vpc-86069dff"
                        },
                        "meta": {
                            "schema_version": "1"
                        },
                        "tainted": false
                    },
                    "deposed": [],
                    "provider": ""
                },
                "aws_subnet.subnet-pri-uw2b": {
                    "type": "aws_subnet",
                    "depends_on": [
                        "aws_vpc.vpc"
                    ],
                    "primary": {
                        "id": "subnet-bc1c97e6",
                        "attributes": {
                            "assign_ipv6_address_on_creation": "false",
                            "availability_zone": "us-east-1b",
                            "cidr_block": "172.33.11.0/24",
                            "id": "subnet-bc1c97e6",
                            "map_public_ip_on_launch": "false",
                            "tags.%": "1",
                            "tags.Name": "subnet-acc-stack-pri-uw2b",
                            "vpc_id": "vpc-86069dff"
                        },
                        "meta": {
                            "schema_version": "1"
                        },
                        "tainted": false
                    },
                    "deposed": [],
                    "provider": ""
                },
                "aws_subnet.subnet-pub-uw2a": {
                    "type": "aws_subnet",
                    "depends_on": [
                        "aws_vpc.vpc"
                    ],
                    "primary": {
                        "id": "subnet-be7f35f6",
                        "attributes": {
                            "assign_ipv6_address_on_creation": "false",
                            "availability_zone": "us-east-1a",
                            "cidr_block": "172.33.1.0/24",
                            "id": "subnet-be7f35f6",
                            "map_public_ip_on_launch": "false",
                            "tags.%": "1",
                            "tags.Name": "subnet-acc-stack-pub-uw2a",
                            "vpc_id": "vpc-86069dff"
                        },
                        "meta": {
                            "schema_version": "1"
                        },
                        "tainted": false
                    },
                    "deposed": [],
                    "provider": ""
                },
                "aws_subnet.subnet-pub-uw2b": {
                    "type": "aws_subnet",
                    "depends_on": [
                        "aws_vpc.vpc"
                    ],
                    "primary": {
                        "id": "subnet-8d048fd7",
                        "attributes": {
                            "assign_ipv6_address_on_creation": "false",
                            "availability_zone": "us-east-1b",
                            "cidr_block": "172.33.2.0/24",
                            "id": "subnet-8d048fd7",
                            "map_public_ip_on_launch": "false",
                            "tags.%": "1",
                            "tags.Name": "subnet-acc-stack-pub-uw2b",
                            "vpc_id": "vpc-86069dff"
                        },
                        "meta": {
                            "schema_version": "1"
                        },
                        "tainted": false
                    },
                    "deposed": [],
                    "provider": ""
                },
                "aws_vpc.vpc": {
                    "type": "aws_vpc",
                    "depends_on": [],
                    "primary": {
                        "id": "vpc-86069dff",
                        "attributes": {
                            "assign_generated_ipv6_cidr_block": "false",
                            "cidr_block": "172.33.0.0/16",
                            "default_network_acl_id": "acl-cb4d41b2",
                            "default_route_table_id": "rtb-08e9c170",
                            "default_security_group_id": "sg-2b095c5a",
                            "dhcp_options_id": "dopt-bb0fcbdc",
                            "enable_classiclink": "false",
                            "enable_dns_hostnames": "false",
                            "enable_dns_support": "true",
                            "id": "vpc-86069dff",
                            "instance_tenancy": "default",
                            "main_route_table_id": "rtb-08e9c170",
                            "tags.%": "1",
                            "tags.Name": "vpc-acc-stack-001"
                        },
                        "meta": {
                            "schema_version": "1"
                        },
                        "tainted": false
                    },
                    "deposed": [],
                    "provider": ""
                }
            },
            "depends_on": []
        }
    ]
}
