{
    "version": 3,
    "terraform_version": "0.9.10",
    "serial": 7,
    "lineage": "b316ce7d-f03f-4fe0-809d-8c6e6c5b73c2",
    "modules": [
        {
            "path": [
                "root"
            ],
            "outputs": {},
            "resources": {
                "aws_eip.eip_jh01": {
                    "type": "aws_eip",
                    "depends_on": [
                        "aws_instance.jh01"
                    ],
                    "primary": {
                        "id": "eipalloc-5417ff67",
                        "attributes": {
                            "association_id": "eipassoc-884278ba",
                            "domain": "vpc",
                            "id": "eipalloc-5417ff67",
                            "instance": "i-08a09fdc52209fc9f",
                            "network_interface": "eni-1ab3afc9",
                            "private_ip": "172.16.1.134",
                            "public_ip": "34.231.97.202",
                            "vpc": "true"
                        },
                        "meta": {},
                        "tainted": false
                    },
                    "deposed": [],
                    "provider": ""
                },
                "aws_eip.eip_jh02": {
                    "type": "aws_eip",
                    "depends_on": [
                        "aws_instance.jh02"
                    ],
                    "primary": {
                        "id": "eipalloc-a968809a",
                        "attributes": {
                            "association_id": "eipassoc-664f7554",
                            "domain": "vpc",
                            "id": "eipalloc-a968809a",
                            "instance": "i-0377172f2841a286c",
                            "network_interface": "eni-21bd9b88",
                            "private_ip": "172.16.2.109",
                            "public_ip": "52.21.75.8",
                            "vpc": "true"
                        },
                        "meta": {},
                        "tainted": false
                    },
                    "deposed": [],
                    "provider": ""
                },
                "aws_eip.nat_eip": {
                    "type": "aws_eip",
                    "depends_on": [],
                    "primary": {
                        "id": "eipalloc-2915fd1a",
                        "attributes": {
                            "association_id": "",
                            "domain": "vpc",
                            "id": "eipalloc-2915fd1a",
                            "instance": "",
                            "network_interface": "",
                            "private_ip": "",
                            "public_ip": "34.231.63.66",
                            "vpc": "true"
                        },
                        "meta": {},
                        "tainted": false
                    },
                    "deposed": [],
                    "provider": ""
                },
                "aws_instance.av01": {
                    "type": "aws_instance",
                    "depends_on": [
                        "aws_security_group.dc",
                        "aws_subnet.subnet-pri-uw2a"
                    ],
                    "primary": {
                        "id": "i-0df60051180bb365a",
                        "attributes": {
                            "ami": "ami-f4d1f0e2",
                            "associate_public_ip_address": "false",
                            "availability_zone": "us-east-1a",
                            "disable_api_termination": "false",
                            "ebs_block_device.#": "0",
                            "ebs_optimized": "false",
                            "ephemeral_block_device.#": "0",
                            "iam_instance_profile": "",
                            "id": "i-0df60051180bb365a",
                            "instance_state": "running",
                            "instance_type": "t1.micro",
                            "ipv6_addresses.#": "0",
                            "key_name": "devops",
                            "monitoring": "false",
                            "network_interface.#": "0",
                            "network_interface_id": "eni-f7aeb224",
                            "primary_network_interface_id": "eni-f7aeb224",
                            "private_dns": "ip-172-16-10-103.ec2.internal",
                            "private_ip": "172.16.10.103",
                            "public_dns": "",
                            "public_ip": "",
                            "root_block_device.#": "1",
                            "root_block_device.0.delete_on_termination": "true",
                            "root_block_device.0.iops": "100",
                            "root_block_device.0.volume_size": "30",
                            "root_block_device.0.volume_type": "gp2",
                            "security_groups.#": "0",
                            "source_dest_check": "true",
                            "subnet_id": "subnet-4b9bd103",
                            "tags.%": "1",
                            "tags.Name": "av-01",
                            "tenancy": "default",
                            "volume_tags.%": "0",
                            "vpc_security_group_ids.#": "1",
                            "vpc_security_group_ids.3427504000": "sg-679bce16"
                        },
                        "meta": {
                            "e2bfb730-ecaa-11e6-8f88-34363bc7c4c0": {
                                "create": 600000000000,
                                "delete": 600000000000,
                                "update": 600000000000
                            },
                            "schema_version": "1"
                        },
                        "tainted": false
                    },
                    "deposed": [],
                    "provider": ""
                },
                "aws_instance.dc01": {
                    "type": "aws_instance",
                    "depends_on": [
                        "aws_security_group.dc",
                        "aws_subnet.subnet-pri-uw2a"
                    ],
                    "primary": {
                        "id": "i-0a21133a27b0574c7",
                        "attributes": {
                            "ami": "ami-f4d1f0e2",
                            "associate_public_ip_address": "false",
                            "availability_zone": "us-east-1a",
                            "disable_api_termination": "false",
                            "ebs_block_device.#": "0",
                            "ebs_optimized": "false",
                            "ephemeral_block_device.#": "0",
                            "iam_instance_profile": "",
                            "id": "i-0a21133a27b0574c7",
                            "instance_state": "running",
                            "instance_type": "t1.micro",
                            "ipv6_addresses.#": "0",
                            "key_name": "devops",
                            "monitoring": "false",
                            "network_interface.#": "0",
                            "network_interface_id": "eni-caa8b419",
                            "primary_network_interface_id": "eni-caa8b419",
                            "private_dns": "ip-172-16-10-226.ec2.internal",
                            "private_ip": "172.16.10.226",
                            "public_dns": "",
                            "public_ip": "",
                            "root_block_device.#": "1",
                            "root_block_device.0.delete_on_termination": "true",
                            "root_block_device.0.iops": "100",
                            "root_block_device.0.volume_size": "30",
                            "root_block_device.0.volume_type": "gp2",
                            "security_groups.#": "0",
                            "source_dest_check": "true",
                            "subnet_id": "subnet-4b9bd103",
                            "tags.%": "1",
                            "tags.Name": "acc-stack-dc01",
                            "tenancy": "default",
                            "volume_tags.%": "0",
                            "vpc_security_group_ids.#": "1",
                            "vpc_security_group_ids.3427504000": "sg-679bce16"
                        },
                        "meta": {
                            "e2bfb730-ecaa-11e6-8f88-34363bc7c4c0": {
                                "create": 600000000000,
                                "delete": 600000000000,
                                "update": 600000000000
                            },
                            "schema_version": "1"
                        },
                        "tainted": false
                    },
                    "deposed": [],
                    "provider": ""
                },
                "aws_instance.dc02": {
                    "type": "aws_instance",
                    "depends_on": [
                        "aws_security_group.dc",
                        "aws_subnet.subnet-pri-uw2b"
                    ],
                    "primary": {
                        "id": "i-062b4001cca9662c1",
                        "attributes": {
                            "ami": "ami-f4d1f0e2",
                            "associate_public_ip_address": "false",
                            "availability_zone": "us-east-1b",
                            "disable_api_termination": "false",
                            "ebs_block_device.#": "0",
                            "ebs_optimized": "false",
                            "ephemeral_block_device.#": "0",
                            "iam_instance_profile": "",
                            "id": "i-062b4001cca9662c1",
                            "instance_state": "running",
                            "instance_type": "t1.micro",
                            "ipv6_addresses.#": "0",
                            "key_name": "devops",
                            "monitoring": "false",
                            "network_interface.#": "0",
                            "network_interface_id": "eni-6d83a5c4",
                            "primary_network_interface_id": "eni-6d83a5c4",
                            "private_dns": "ip-172-16-11-52.ec2.internal",
                            "private_ip": "172.16.11.52",
                            "public_dns": "",
                            "public_ip": "",
                            "root_block_device.#": "1",
                            "root_block_device.0.delete_on_termination": "true",
                            "root_block_device.0.iops": "100",
                            "root_block_device.0.volume_size": "30",
                            "root_block_device.0.volume_type": "gp2",
                            "security_groups.#": "0",
                            "source_dest_check": "true",
                            "subnet_id": "subnet-4137bc1b",
                            "tags.%": "1",
                            "tags.Name": "acc-stack-dc02",
                            "tenancy": "default",
                            "volume_tags.%": "0",
                            "vpc_security_group_ids.#": "1",
                            "vpc_security_group_ids.3427504000": "sg-679bce16"
                        },
                        "meta": {
                            "e2bfb730-ecaa-11e6-8f88-34363bc7c4c0": {
                                "create": 600000000000,
                                "delete": 600000000000,
                                "update": 600000000000
                            },
                            "schema_version": "1"
                        },
                        "tainted": false
                    },
                    "deposed": [],
                    "provider": ""
                },
                "aws_instance.jh01": {
                    "type": "aws_instance",
                    "depends_on": [
                        "aws_security_group.jumphost",
                        "aws_subnet.subnet-pub-uw2a"
                    ],
                    "primary": {
                        "id": "i-08a09fdc52209fc9f",
                        "attributes": {
                            "ami": "ami-f4d1f0e2",
                            "associate_public_ip_address": "true",
                            "availability_zone": "us-east-1a",
                            "disable_api_termination": "false",
                            "ebs_block_device.#": "0",
                            "ebs_optimized": "false",
                            "ephemeral_block_device.#": "0",
                            "iam_instance_profile": "",
                            "id": "i-08a09fdc52209fc9f",
                            "instance_state": "running",
                            "instance_type": "t1.micro",
                            "ipv6_addresses.#": "0",
                            "key_name": "devops",
                            "monitoring": "false",
                            "network_interface.#": "0",
                            "network_interface_id": "eni-1ab3afc9",
                            "primary_network_interface_id": "eni-1ab3afc9",
                            "private_dns": "ip-172-16-1-134.ec2.internal",
                            "private_ip": "172.16.1.134",
                            "public_dns": "",
                            "public_ip": "54.166.120.149",
                            "root_block_device.#": "1",
                            "root_block_device.0.delete_on_termination": "true",
                            "root_block_device.0.iops": "100",
                            "root_block_device.0.volume_size": "30",
                            "root_block_device.0.volume_type": "gp2",
                            "security_groups.#": "0",
                            "source_dest_check": "true",
                            "subnet_id": "subnet-979dd7df",
                            "tags.%": "1",
                            "tags.Name": "acc-stack-jh01",
                            "tenancy": "default",
                            "volume_tags.%": "0",
                            "vpc_security_group_ids.#": "1",
                            "vpc_security_group_ids.2108028952": "sg-4199cc30"
                        },
                        "meta": {
                            "e2bfb730-ecaa-11e6-8f88-34363bc7c4c0": {
                                "create": 600000000000,
                                "delete": 600000000000,
                                "update": 600000000000
                            },
                            "schema_version": "1"
                        },
                        "tainted": false
                    },
                    "deposed": [],
                    "provider": ""
                },
                "aws_instance.jh02": {
                    "type": "aws_instance",
                    "depends_on": [
                        "aws_security_group.jumphost",
                        "aws_subnet.subnet-pub-uw2b"
                    ],
                    "primary": {
                        "id": "i-0377172f2841a286c",
                        "attributes": {
                            "ami": "ami-f4d1f0e2",
                            "associate_public_ip_address": "true",
                            "availability_zone": "us-east-1b",
                            "disable_api_termination": "false",
                            "ebs_block_device.#": "0",
                            "ebs_optimized": "false",
                            "ephemeral_block_device.#": "0",
                            "iam_instance_profile": "",
                            "id": "i-0377172f2841a286c",
                            "instance_state": "running",
                            "instance_type": "t1.micro",
                            "ipv6_addresses.#": "0",
                            "key_name": "devops",
                            "monitoring": "false",
                            "network_interface.#": "0",
                            "network_interface_id": "eni-21bd9b88",
                            "primary_network_interface_id": "eni-21bd9b88",
                            "private_dns": "ip-172-16-2-109.ec2.internal",
                            "private_ip": "172.16.2.109",
                            "public_dns": "",
                            "public_ip": "34.207.203.220",
                            "root_block_device.#": "1",
                            "root_block_device.0.delete_on_termination": "true",
                            "root_block_device.0.iops": "100",
                            "root_block_device.0.volume_size": "30",
                            "root_block_device.0.volume_type": "gp2",
                            "security_groups.#": "0",
                            "source_dest_check": "true",
                            "subnet_id": "subnet-fc3eb5a6",
                            "tags.%": "1",
                            "tags.Name": "acc-stack-jh02",
                            "tenancy": "default",
                            "volume_tags.%": "0",
                            "vpc_security_group_ids.#": "1",
                            "vpc_security_group_ids.2108028952": "sg-4199cc30"
                        },
                        "meta": {
                            "e2bfb730-ecaa-11e6-8f88-34363bc7c4c0": {
                                "create": 600000000000,
                                "delete": 600000000000,
                                "update": 600000000000
                            },
                            "schema_version": "1"
                        },
                        "tainted": false
                    },
                    "deposed": [],
                    "provider": ""
                },
                "aws_internet_gateway.gw": {
                    "type": "aws_internet_gateway",
                    "depends_on": [
                        "aws_vpc.vpc"
                    ],
                    "primary": {
                        "id": "igw-e3367e85",
                        "attributes": {
                            "id": "igw-e3367e85",
                            "tags.%": "1",
                            "tags.Name": "igw_acc-stack",
                            "vpc_id": "vpc-c0ca50b9"
                        },
                        "meta": {},
                        "tainted": false
                    },
                    "deposed": [],
                    "provider": ""
                },
                "aws_nat_gateway.nat_gw": {
                    "type": "aws_nat_gateway",
                    "depends_on": [
                        "aws_eip.nat_eip",
                        "aws_internet_gateway.gw",
                        "aws_subnet.subnet-pub-uw2a"
                    ],
                    "primary": {
                        "id": "nat-094dc70e45385b5d5",
                        "attributes": {
                            "allocation_id": "eipalloc-2915fd1a",
                            "id": "nat-094dc70e45385b5d5",
                            "network_interface_id": "eni-44a8b497",
                            "private_ip": "172.16.1.151",
                            "public_ip": "34.231.63.66",
                            "subnet_id": "subnet-979dd7df"
                        },
                        "meta": {},
                        "tainted": false
                    },
                    "deposed": [],
                    "provider": ""
                },
                "aws_route_table.rtb-pri": {
                    "type": "aws_route_table",
                    "depends_on": [
                        "aws_nat_gateway.nat_gw",
                        "aws_vpc.vpc"
                    ],
                    "primary": {
                        "id": "rtb-94ddf5ec",
                        "attributes": {
                            "id": "rtb-94ddf5ec",
                            "propagating_vgws.#": "0",
                            "route.#": "1",
                            "route.2543886240.cidr_block": "0.0.0.0/0",
                            "route.2543886240.egress_only_gateway_id": "",
                            "route.2543886240.gateway_id": "",
                            "route.2543886240.instance_id": "",
                            "route.2543886240.ipv6_cidr_block": "",
                            "route.2543886240.nat_gateway_id": "nat-094dc70e45385b5d5",
                            "route.2543886240.network_interface_id": "",
                            "route.2543886240.vpc_peering_connection_id": "",
                            "tags.%": "1",
                            "tags.Name": "rtb_acc-stack-pri",
                            "vpc_id": "vpc-c0ca50b9"
                        },
                        "meta": {},
                        "tainted": false
                    },
                    "deposed": [],
                    "provider": ""
                },
                "aws_route_table.rtb-pub": {
                    "type": "aws_route_table",
                    "depends_on": [
                        "aws_internet_gateway.gw",
                        "aws_vpc.vpc"
                    ],
                    "primary": {
                        "id": "rtb-2cd6fe54",
                        "attributes": {
                            "id": "rtb-2cd6fe54",
                            "propagating_vgws.#": "0",
                            "route.#": "1",
                            "route.3139223123.cidr_block": "0.0.0.0/0",
                            "route.3139223123.egress_only_gateway_id": "",
                            "route.3139223123.gateway_id": "igw-e3367e85",
                            "route.3139223123.instance_id": "",
                            "route.3139223123.ipv6_cidr_block": "",
                            "route.3139223123.nat_gateway_id": "",
                            "route.3139223123.network_interface_id": "",
                            "route.3139223123.vpc_peering_connection_id": "",
                            "tags.%": "1",
                            "tags.Name": "rtb_acc-stack-pub",
                            "vpc_id": "vpc-c0ca50b9"
                        },
                        "meta": {},
                        "tainted": false
                    },
                    "deposed": [],
                    "provider": ""
                },
                "aws_route_table_association.uw2a-pri": {
                    "type": "aws_route_table_association",
                    "depends_on": [
                        "aws_route_table.rtb-pri",
                        "aws_subnet.subnet-pri-uw2a"
                    ],
                    "primary": {
                        "id": "rtbassoc-fa8c6980",
                        "attributes": {
                            "id": "rtbassoc-fa8c6980",
                            "route_table_id": "rtb-94ddf5ec",
                            "subnet_id": "subnet-4b9bd103"
                        },
                        "meta": {},
                        "tainted": false
                    },
                    "deposed": [],
                    "provider": ""
                },
                "aws_route_table_association.uw2a-pub": {
                    "type": "aws_route_table_association",
                    "depends_on": [
                        "aws_route_table.rtb-pub",
                        "aws_subnet.subnet-pub-uw2a"
                    ],
                    "primary": {
                        "id": "rtbassoc-7f836605",
                        "attributes": {
                            "id": "rtbassoc-7f836605",
                            "route_table_id": "rtb-2cd6fe54",
                            "subnet_id": "subnet-979dd7df"
                        },
                        "meta": {},
                        "tainted": false
                    },
                    "deposed": [],
                    "provider": ""
                },
                "aws_route_table_association.uw2b-pri": {
                    "type": "aws_route_table_association",
                    "depends_on": [
                        "aws_route_table.rtb-pri",
                        "aws_subnet.subnet-pri-uw2b"
                    ],
                    "primary": {
                        "id": "rtbassoc-0a8e6b70",
                        "attributes": {
                            "id": "rtbassoc-0a8e6b70",
                            "route_table_id": "rtb-94ddf5ec",
                            "subnet_id": "subnet-4137bc1b"
                        },
                        "meta": {},
                        "tainted": false
                    },
                    "deposed": [],
                    "provider": ""
                },
                "aws_route_table_association.uw2b-pub": {
                    "type": "aws_route_table_association",
                    "depends_on": [
                        "aws_route_table.rtb-pub",
                        "aws_subnet.subnet-pub-uw2b"
                    ],
                    "primary": {
                        "id": "rtbassoc-ca8f6ab0",
                        "attributes": {
                            "id": "rtbassoc-ca8f6ab0",
                            "route_table_id": "rtb-2cd6fe54",
                            "subnet_id": "subnet-fc3eb5a6"
                        },
                        "meta": {},
                        "tainted": false
                    },
                    "deposed": [],
                    "provider": ""
                },
                "aws_security_group.av": {
                    "type": "aws_security_group",
                    "depends_on": [
                        "aws_security_group.jumphost",
                        "aws_vpc.vpc"
                    ],
                    "primary": {
                        "id": "sg-ad93c6dc",
                        "attributes": {
                            "description": "Allow incoming RDP connections.",
                            "egress.#": "0",
                            "id": "sg-ad93c6dc",
                            "ingress.#": "1",
                            "ingress.3937704066.cidr_blocks.#": "0",
                            "ingress.3937704066.from_port": "3389",
                            "ingress.3937704066.ipv6_cidr_blocks.#": "0",
                            "ingress.3937704066.protocol": "tcp",
                            "ingress.3937704066.security_groups.#": "1",
                            "ingress.3937704066.security_groups.2108028952": "sg-4199cc30",
                            "ingress.3937704066.self": "false",
                            "ingress.3937704066.to_port": "3389",
                            "name": "sg_av",
                            "owner_id": "079726228485",
                            "tags.%": "1",
                            "tags.Name": "sg_av-uw2",
                            "vpc_id": "vpc-c0ca50b9"
                        },
                        "meta": {},
                        "tainted": false
                    },
                    "deposed": [],
                    "provider": ""
                },
                "aws_security_group.dc": {
                    "type": "aws_security_group",
                    "depends_on": [
                        "aws_security_group.jumphost",
                        "aws_vpc.vpc"
                    ],
                    "primary": {
                        "id": "sg-679bce16",
                        "attributes": {
                            "description": "Allow incoming RDP connections.",
                            "egress.#": "0",
                            "id": "sg-679bce16",
                            "ingress.#": "3",
                            "ingress.2058301173.cidr_blocks.#": "1",
                            "ingress.2058301173.cidr_blocks.0": "172.16.0.0/12",
                            "ingress.2058301173.from_port": "389",
                            "ingress.2058301173.ipv6_cidr_blocks.#": "0",
                            "ingress.2058301173.protocol": "tcp",
                            "ingress.2058301173.security_groups.#": "0",
                            "ingress.2058301173.self": "false",
                            "ingress.2058301173.to_port": "389",
                            "ingress.3715631847.cidr_blocks.#": "1",
                            "ingress.3715631847.cidr_blocks.0": "172.16.0.0/12",
                            "ingress.3715631847.from_port": "3268",
                            "ingress.3715631847.ipv6_cidr_blocks.#": "0",
                            "ingress.3715631847.protocol": "tcp",
                            "ingress.3715631847.security_groups.#": "0",
                            "ingress.3715631847.self": "false",
                            "ingress.3715631847.to_port": "3268",
                            "ingress.3937704066.cidr_blocks.#": "0",
                            "ingress.3937704066.from_port": "3389",
                            "ingress.3937704066.ipv6_cidr_blocks.#": "0",
                            "ingress.3937704066.protocol": "tcp",
                            "ingress.3937704066.security_groups.#": "1",
                            "ingress.3937704066.security_groups.2108028952": "sg-4199cc30",
                            "ingress.3937704066.self": "false",
                            "ingress.3937704066.to_port": "3389",
                            "name": "sg_acc-stack-dc",
                            "owner_id": "079726228485",
                            "tags.%": "1",
                            "tags.Name": "sg_acc-stack-uw2-dc",
                            "vpc_id": "vpc-c0ca50b9"
                        },
                        "meta": {},
                        "tainted": false
                    },
                    "deposed": [],
                    "provider": ""
                },
                "aws_security_group.jumphost": {
                    "type": "aws_security_group",
                    "depends_on": [
                        "aws_vpc.vpc"
                    ],
                    "primary": {
                        "id": "sg-4199cc30",
                        "attributes": {
                            "description": "Allow incoming RDP connections.",
                            "egress.#": "1",
                            "egress.3984229668.cidr_blocks.#": "2",
                            "egress.3984229668.cidr_blocks.0": "172.16.10.0/24",
                            "egress.3984229668.cidr_blocks.1": "172.16.11.0/24",
                            "egress.3984229668.from_port": "3389",
                            "egress.3984229668.ipv6_cidr_blocks.#": "0",
                            "egress.3984229668.prefix_list_ids.#": "0",
                            "egress.3984229668.protocol": "tcp",
                            "egress.3984229668.security_groups.#": "0",
                            "egress.3984229668.self": "false",
                            "egress.3984229668.to_port": "3389",
                            "id": "sg-4199cc30",
                            "ingress.#": "1",
                            "ingress.2223400681.cidr_blocks.#": "1",
                            "ingress.2223400681.cidr_blocks.0": "0.0.0.0/0",
                            "ingress.2223400681.from_port": "3389",
                            "ingress.2223400681.ipv6_cidr_blocks.#": "0",
                            "ingress.2223400681.protocol": "tcp",
                            "ingress.2223400681.security_groups.#": "0",
                            "ingress.2223400681.self": "false",
                            "ingress.2223400681.to_port": "3389",
                            "name": "sg_acc-stack-jh",
                            "owner_id": "079726228485",
                            "tags.%": "1",
                            "tags.Name": "sg_acc-stack-uw2-jh",
                            "vpc_id": "vpc-c0ca50b9"
                        },
                        "meta": {},
                        "tainted": false
                    },
                    "deposed": [],
                    "provider": ""
                },
                "aws_subnet.subnet-pri-uw2a": {
                    "type": "aws_subnet",
                    "depends_on": [
                        "aws_vpc.vpc"
                    ],
                    "primary": {
                        "id": "subnet-4b9bd103",
                        "attributes": {
                            "assign_ipv6_address_on_creation": "false",
                            "availability_zone": "us-east-1a",
                            "cidr_block": "172.16.10.0/24",
                            "id": "subnet-4b9bd103",
                            "map_public_ip_on_launch": "false",
                            "tags.%": "1",
                            "tags.Name": "subnet-acc-stack-pri-uw2a",
                            "vpc_id": "vpc-c0ca50b9"
                        },
                        "meta": {
                            "schema_version": "1"
                        },
                        "tainted": false
                    },
                    "deposed": [],
                    "provider": ""
                },
                "aws_subnet.subnet-pri-uw2b": {
                    "type": "aws_subnet",
                    "depends_on": [
                        "aws_vpc.vpc"
                    ],
                    "primary": {
                        "id": "subnet-4137bc1b",
                        "attributes": {
                            "assign_ipv6_address_on_creation": "false",
                            "availability_zone": "us-east-1b",
                            "cidr_block": "172.16.11.0/24",
                            "id": "subnet-4137bc1b",
                            "map_public_ip_on_launch": "false",
                            "tags.%": "1",
                            "tags.Name": "subnet_acc-stack-pri-uw2b",
                            "vpc_id": "vpc-c0ca50b9"
                        },
                        "meta": {
                            "schema_version": "1"
                        },
                        "tainted": false
                    },
                    "deposed": [],
                    "provider": ""
                },
                "aws_subnet.subnet-pub-uw2a": {
                    "type": "aws_subnet",
                    "depends_on": [
                        "aws_vpc.vpc"
                    ],
                    "primary": {
                        "id": "subnet-979dd7df",
                        "attributes": {
                            "assign_ipv6_address_on_creation": "false",
                            "availability_zone": "us-east-1a",
                            "cidr_block": "172.16.1.0/24",
                            "id": "subnet-979dd7df",
                            "map_public_ip_on_launch": "false",
                            "tags.%": "1",
                            "tags.Name": "subnet_acc-stack-pub-uw2a",
                            "vpc_id": "vpc-c0ca50b9"
                        },
                        "meta": {
                            "schema_version": "1"
                        },
                        "tainted": false
                    },
                    "deposed": [],
                    "provider": ""
                },
                "aws_subnet.subnet-pub-uw2b": {
                    "type": "aws_subnet",
                    "depends_on": [
                        "aws_vpc.vpc"
                    ],
                    "primary": {
                        "id": "subnet-fc3eb5a6",
                        "attributes": {
                            "assign_ipv6_address_on_creation": "false",
                            "availability_zone": "us-east-1b",
                            "cidr_block": "172.16.2.0/24",
                            "id": "subnet-fc3eb5a6",
                            "map_public_ip_on_launch": "false",
                            "tags.%": "1",
                            "tags.Name": "subnet_acc-stack-pub-uw2b",
                            "vpc_id": "vpc-c0ca50b9"
                        },
                        "meta": {
                            "schema_version": "1"
                        },
                        "tainted": false
                    },
                    "deposed": [],
                    "provider": ""
                },
                "aws_vpc.vpc": {
                    "type": "aws_vpc",
                    "depends_on": [],
                    "primary": {
                        "id": "vpc-c0ca50b9",
                        "attributes": {
                            "assign_generated_ipv6_cidr_block": "false",
                            "cidr_block": "172.16.0.0/16",
                            "default_network_acl_id": "acl-a57579dc",
                            "default_route_table_id": "rtb-51d0f829",
                            "default_security_group_id": "sg-319fca40",
                            "dhcp_options_id": "dopt-bb0fcbdc",
                            "enable_classiclink": "false",
                            "enable_dns_hostnames": "false",
                            "enable_dns_support": "true",
                            "id": "vpc-c0ca50b9",
                            "instance_tenancy": "default",
                            "main_route_table_id": "rtb-51d0f829",
                            "tags.%": "1",
                            "tags.Name": "vpc_acc-stack-001"
                        },
                        "meta": {
                            "schema_version": "1"
                        },
                        "tainted": false
                    },
                    "deposed": [],
                    "provider": ""
                }
            },
            "depends_on": []
        }
    ]
}
